// !$*UTF8*$!
{
	archiveVersion = 1;
	classes = {
	};
	objectVersion = 52;
	objects = {

/* Begin PBXBuildFile section */
		8B03AF2D26404E17001AF518 /* itemCard.swift in Sources */ = {isa = PBXBuildFile; fileRef = 8B03AF2C26404E17001AF518 /* itemCard.swift */; };
		8B03AF3026404EF9001AF518 /* Item.swift in Sources */ = {isa = PBXBuildFile; fileRef = 8B03AF2F26404EF9001AF518 /* Item.swift */; };
		8B03AF34264057E2001AF518 /* ItemModelData.swift in Sources */ = {isa = PBXBuildFile; fileRef = 8B03AF33264057E2001AF518 /* ItemModelData.swift */; };
		8B03AF3726405949001AF518 /* items.json in Resources */ = {isa = PBXBuildFile; fileRef = 8B03AF3626405949001AF518 /* items.json */; };
		8B03AF3E26405B6D001AF518 /* ItemCategoryRow.swift in Sources */ = {isa = PBXBuildFile; fileRef = 8B03AF3D26405B6D001AF518 /* ItemCategoryRow.swift */; };
		8B03AF41264149CE001AF518 /* AppManager.swift in Sources */ = {isa = PBXBuildFile; fileRef = 8B03AF40264149CD001AF518 /* AppManager.swift */; };
		8B03AF4626416551001AF518 /* LoginModelData.swift in Sources */ = {isa = PBXBuildFile; fileRef = 8B03AF4526416551001AF518 /* LoginModelData.swift */; };
		8B03AF49264165F9001AF518 /* LogInCredentials.swift in Sources */ = {isa = PBXBuildFile; fileRef = 8B03AF48264165F9001AF518 /* LogInCredentials.swift */; };
		8B03AF4C2641667C001AF518 /* ImageLoader.swift in Sources */ = {isa = PBXBuildFile; fileRef = 8B03AF4B2641667C001AF518 /* ImageLoader.swift */; };
		8B1E5158263FE2670015C353 /* ProfileView.swift in Sources */ = {isa = PBXBuildFile; fileRef = 8B1E5157263FE2670015C353 /* ProfileView.swift */; };
		8B1E515C263FE2E10015C353 /* HomeView.swift in Sources */ = {isa = PBXBuildFile; fileRef = 8B1E515B263FE2E10015C353 /* HomeView.swift */; };
		8B1E516B263FEA1D0015C353 /* SignUpView.swift in Sources */ = {isa = PBXBuildFile; fileRef = 8B1E516A263FEA1D0015C353 /* SignUpView.swift */; };
		8B1E517F264016EC0015C353 /* ContentView.swift in Sources */ = {isa = PBXBuildFile; fileRef = 8B1E517E264016EC0015C353 /* ContentView.swift */; };
		8B2622C326DAA8F600701FAC /* ItemView.swift in Sources */ = {isa = PBXBuildFile; fileRef = 8B2622C226DAA8F600701FAC /* ItemView.swift */; };
		8B2622C626DAB7B000701FAC /* CheckBoxView.swift in Sources */ = {isa = PBXBuildFile; fileRef = 8B2622C526DAB7B000701FAC /* CheckBoxView.swift */; };
		8B2622CA26DAB7D300701FAC /* NumberPickerView.swift in Sources */ = {isa = PBXBuildFile; fileRef = 8B2622C926DAB7D300701FAC /* NumberPickerView.swift */; };
		8B3C01BF26DE8A79007BDBCD /* ChoiceButton.swift in Sources */ = {isa = PBXBuildFile; fileRef = 8B3C01BE26DE8A79007BDBCD /* ChoiceButton.swift */; };
		8B419EFE26492A1F0032088A /* SmartUIImage.swift in Sources */ = {isa = PBXBuildFile; fileRef = 8B419EFD26492A1F0032088A /* SmartUIImage.swift */; };
		8B4A2C0926EBE85C00627938 /* OrderTest.swift in Sources */ = {isa = PBXBuildFile; fileRef = 8B4A2C0826EBE85C00627938 /* OrderTest.swift */; };
		8B4FD25B2646C5A200C004BF /* Alamofire in Frameworks */ = {isa = PBXBuildFile; productRef = 8B4FD25A2646C5A200C004BF /* Alamofire */; };
		8B568F4726DEA35400C50725 /* MultiChoiceView.swift in Sources */ = {isa = PBXBuildFile; fileRef = 8B568F4626DEA35400C50725 /* MultiChoiceView.swift */; };
		8B648E3426E2666800B21104 /* Client.swift in Sources */ = {isa = PBXBuildFile; fileRef = 8B648E3326E2666800B21104 /* Client.swift */; };
		8B648E3626E277F400B21104 /* AddressView.swift in Sources */ = {isa = PBXBuildFile; fileRef = 8B648E3526E277F400B21104 /* AddressView.swift */; };
		8B70852A26DE962E00C8591C /* OrderModel.swift in Sources */ = {isa = PBXBuildFile; fileRef = 8B70852926DE962E00C8591C /* OrderModel.swift */; };
		8BA0AD8626E02AEA00D908B8 /* ClientModelData.swift in Sources */ = {isa = PBXBuildFile; fileRef = 8BA0AD8526E02AEA00D908B8 /* ClientModelData.swift */; };
		8BA0AD8826E147A600D908B8 /* CartItemView.swift in Sources */ = {isa = PBXBuildFile; fileRef = 8BA0AD8726E147A600D908B8 /* CartItemView.swift */; };
		8BA0AD8A26E1639100D908B8 /* OrderModelData.swift in Sources */ = {isa = PBXBuildFile; fileRef = 8BA0AD8926E1639100D908B8 /* OrderModelData.swift */; };
		8BB5F3742642CB0700D2F604 /* Cart.swift in Sources */ = {isa = PBXBuildFile; fileRef = 8BB5F3732642CB0700D2F604 /* Cart.swift */; };
		8BB5F3762642CBD400D2F604 /* CartView.swift in Sources */ = {isa = PBXBuildFile; fileRef = 8BB5F3752642CBD400D2F604 /* CartView.swift */; };
		8BBF8B5F26E36D7000619D6A /* PurchaseHistoryView.swift in Sources */ = {isa = PBXBuildFile; fileRef = 8BBF8B5E26E36D7000619D6A /* PurchaseHistoryView.swift */; };
		8BE15FD02631F0CD001D1DA0 /* AppDelegate.swift in Sources */ = {isa = PBXBuildFile; fileRef = 8BE15FCF2631F0CD001D1DA0 /* AppDelegate.swift */; };
		8BE15FD22631F0CD001D1DA0 /* SceneDelegate.swift in Sources */ = {isa = PBXBuildFile; fileRef = 8BE15FD12631F0CD001D1DA0 /* SceneDelegate.swift */; };
		8BE15FD42631F0CD001D1DA0 /* SignInView.swift in Sources */ = {isa = PBXBuildFile; fileRef = 8BE15FD32631F0CD001D1DA0 /* SignInView.swift */; };
		8BE15FD62631F0D1001D1DA0 /* Assets.xcassets in Resources */ = {isa = PBXBuildFile; fileRef = 8BE15FD52631F0D1001D1DA0 /* Assets.xcassets */; };
		8BE15FD92631F0D1001D1DA0 /* Preview Assets.xcassets in Resources */ = {isa = PBXBuildFile; fileRef = 8BE15FD82631F0D1001D1DA0 /* Preview Assets.xcassets */; };
		8BE15FDC2631F0D1001D1DA0 /* LaunchScreen.storyboard in Resources */ = {isa = PBXBuildFile; fileRef = 8BE15FDA2631F0D1001D1DA0 /* LaunchScreen.storyboard */; };
		8BE15FEA2631F15F001D1DA0 /* StoreDetails.swift in Sources */ = {isa = PBXBuildFile; fileRef = 8BE15FE92631F15F001D1DA0 /* StoreDetails.swift */; };
		8BE15FF22631F401001D1DA0 /* ModelData.swift in Sources */ = {isa = PBXBuildFile; fileRef = 8BE15FF12631F401001D1DA0 /* ModelData.swift */; };
		8BE15FF62631FAEB001D1DA0 /* stores.json in Resources */ = {isa = PBXBuildFile; fileRef = 8BE15FF52631FAEB001D1DA0 /* stores.json */; };
		8BE15FFF2631FF1C001D1DA0 /* TawseelView.swift in Sources */ = {isa = PBXBuildFile; fileRef = 8BE15FFE2631FF1C001D1DA0 /* TawseelView.swift */; };
		8BF20B3C26320A43007AC659 /* CategoryRow.swift in Sources */ = {isa = PBXBuildFile; fileRef = 8BF20B3B26320A43007AC659 /* CategoryRow.swift */; };
		8BF20B3F26320B41007AC659 /* CategoryItem.swift in Sources */ = {isa = PBXBuildFile; fileRef = 8BF20B3E26320B41007AC659 /* CategoryItem.swift */; };
		8BF20B4826320F75007AC659 /* MapView.swift in Sources */ = {isa = PBXBuildFile; fileRef = 8BF20B4426320F75007AC659 /* MapView.swift */; };
		8BF20B4926320F75007AC659 /* CircleImage.swift in Sources */ = {isa = PBXBuildFile; fileRef = 8BF20B4526320F75007AC659 /* CircleImage.swift */; };
		8BF20B4A26320F75007AC659 /* StoreView.swift in Sources */ = {isa = PBXBuildFile; fileRef = 8BF20B4626320F75007AC659 /* StoreView.swift */; };
		8BF20B4B26320F75007AC659 /* FavoriteButton.swift in Sources */ = {isa = PBXBuildFile; fileRef = 8BF20B4726320F75007AC659 /* FavoriteButton.swift */; };
/* End PBXBuildFile section */

/* Begin PBXContainerItemProxy section */
		8B4A2C0B26EBE85C00627938 /* PBXContainerItemProxy */ = {
			isa = PBXContainerItemProxy;
			containerPortal = 8BE15FC42631F0CD001D1DA0 /* Project object */;
			proxyType = 1;
			remoteGlobalIDString = 8BE15FCB2631F0CD001D1DA0;
			remoteInfo = Tawseel;
		};
/* End PBXContainerItemProxy section */

/* Begin PBXFileReference section */
		8B03AF2C26404E17001AF518 /* itemCard.swift */ = {isa = PBXFileReference; lastKnownFileType = sourcecode.swift; path = itemCard.swift; sourceTree = "<group>"; };
		8B03AF2F26404EF9001AF518 /* Item.swift */ = {isa = PBXFileReference; lastKnownFileType = sourcecode.swift; path = Item.swift; sourceTree = "<group>"; };
		8B03AF33264057E2001AF518 /* ItemModelData.swift */ = {isa = PBXFileReference; lastKnownFileType = sourcecode.swift; path = ItemModelData.swift; sourceTree = "<group>"; };
		8B03AF3626405949001AF518 /* items.json */ = {isa = PBXFileReference; lastKnownFileType = text.json; path = items.json; sourceTree = "<group>"; };
		8B03AF3D26405B6D001AF518 /* ItemCategoryRow.swift */ = {isa = PBXFileReference; lastKnownFileType = sourcecode.swift; path = ItemCategoryRow.swift; sourceTree = "<group>"; };
		8B03AF40264149CD001AF518 /* AppManager.swift */ = {isa = PBXFileReference; lastKnownFileType = sourcecode.swift; path = AppManager.swift; sourceTree = "<group>"; };
		8B03AF4326416348001AF518 /* keystore.p12 */ = {isa = PBXFileReference; lastKnownFileType = file; path = keystore.p12; sourceTree = "<group>"; };
		8B03AF4526416551001AF518 /* LoginModelData.swift */ = {isa = PBXFileReference; lastKnownFileType = sourcecode.swift; path = LoginModelData.swift; sourceTree = "<group>"; };
		8B03AF48264165F9001AF518 /* LogInCredentials.swift */ = {isa = PBXFileReference; lastKnownFileType = sourcecode.swift; path = LogInCredentials.swift; sourceTree = "<group>"; };
		8B03AF4B2641667C001AF518 /* ImageLoader.swift */ = {isa = PBXFileReference; lastKnownFileType = sourcecode.swift; path = ImageLoader.swift; sourceTree = "<group>"; };
		8B1A2DD6264A76C900B9FBAB /* Tawseel.entitlements */ = {isa = PBXFileReference; lastKnownFileType = text.plist.entitlements; path = Tawseel.entitlements; sourceTree = "<group>"; };
		8B1E5157263FE2670015C353 /* ProfileView.swift */ = {isa = PBXFileReference; lastKnownFileType = sourcecode.swift; path = ProfileView.swift; sourceTree = "<group>"; };
		8B1E515B263FE2E10015C353 /* HomeView.swift */ = {isa = PBXFileReference; lastKnownFileType = sourcecode.swift; path = HomeView.swift; sourceTree = "<group>"; };
		8B1E516A263FEA1D0015C353 /* SignUpView.swift */ = {isa = PBXFileReference; lastKnownFileType = sourcecode.swift; path = SignUpView.swift; sourceTree = "<group>"; };
		8B1E517E264016EC0015C353 /* ContentView.swift */ = {isa = PBXFileReference; lastKnownFileType = sourcecode.swift; path = ContentView.swift; sourceTree = "<group>"; };
		8B2622C226DAA8F600701FAC /* ItemView.swift */ = {isa = PBXFileReference; lastKnownFileType = sourcecode.swift; path = ItemView.swift; sourceTree = "<group>"; };
		8B2622C526DAB7B000701FAC /* CheckBoxView.swift */ = {isa = PBXFileReference; lastKnownFileType = sourcecode.swift; path = CheckBoxView.swift; sourceTree = "<group>"; };
		8B2622C926DAB7D300701FAC /* NumberPickerView.swift */ = {isa = PBXFileReference; lastKnownFileType = sourcecode.swift; path = NumberPickerView.swift; sourceTree = "<group>"; };
		8B3C01BE26DE8A79007BDBCD /* ChoiceButton.swift */ = {isa = PBXFileReference; lastKnownFileType = sourcecode.swift; path = ChoiceButton.swift; sourceTree = "<group>"; };
		8B419EFD26492A1F0032088A /* SmartUIImage.swift */ = {isa = PBXFileReference; lastKnownFileType = sourcecode.swift; path = SmartUIImage.swift; sourceTree = "<group>"; };
		8B4A2C0626EBE85C00627938 /* OrderTest.xctest */ = {isa = PBXFileReference; explicitFileType = wrapper.cfbundle; includeInIndex = 0; path = OrderTest.xctest; sourceTree = BUILT_PRODUCTS_DIR; };
		8B4A2C0826EBE85C00627938 /* OrderTest.swift */ = {isa = PBXFileReference; lastKnownFileType = sourcecode.swift; path = OrderTest.swift; sourceTree = "<group>"; };
		8B4A2C0A26EBE85C00627938 /* Info.plist */ = {isa = PBXFileReference; lastKnownFileType = text.plist.xml; path = Info.plist; sourceTree = "<group>"; };
		8B568F4626DEA35400C50725 /* MultiChoiceView.swift */ = {isa = PBXFileReference; lastKnownFileType = sourcecode.swift; path = MultiChoiceView.swift; sourceTree = "<group>"; };
		8B648E3326E2666800B21104 /* Client.swift */ = {isa = PBXFileReference; lastKnownFileType = sourcecode.swift; path = Client.swift; sourceTree = "<group>"; };
		8B648E3526E277F400B21104 /* AddressView.swift */ = {isa = PBXFileReference; lastKnownFileType = sourcecode.swift; path = AddressView.swift; sourceTree = "<group>"; };
		8B70852926DE962E00C8591C /* OrderModel.swift */ = {isa = PBXFileReference; lastKnownFileType = sourcecode.swift; path = OrderModel.swift; sourceTree = "<group>"; };
		8BA0AD8526E02AEA00D908B8 /* ClientModelData.swift */ = {isa = PBXFileReference; lastKnownFileType = sourcecode.swift; path = ClientModelData.swift; sourceTree = "<group>"; };
		8BA0AD8726E147A600D908B8 /* CartItemView.swift */ = {isa = PBXFileReference; lastKnownFileType = sourcecode.swift; path = CartItemView.swift; sourceTree = "<group>"; };
		8BA0AD8926E1639100D908B8 /* OrderModelData.swift */ = {isa = PBXFileReference; lastKnownFileType = sourcecode.swift; path = OrderModelData.swift; sourceTree = "<group>"; };
		8BB5F3732642CB0700D2F604 /* Cart.swift */ = {isa = PBXFileReference; lastKnownFileType = sourcecode.swift; path = Cart.swift; sourceTree = "<group>"; };
		8BB5F3752642CBD400D2F604 /* CartView.swift */ = {isa = PBXFileReference; lastKnownFileType = sourcecode.swift; path = CartView.swift; sourceTree = "<group>"; };
		8BBF8B5E26E36D7000619D6A /* PurchaseHistoryView.swift */ = {isa = PBXFileReference; lastKnownFileType = sourcecode.swift; path = PurchaseHistoryView.swift; sourceTree = "<group>"; };
		8BE15FCC2631F0CD001D1DA0 /* Tawseel.app */ = {isa = PBXFileReference; explicitFileType = wrapper.application; includeInIndex = 0; path = Tawseel.app; sourceTree = BUILT_PRODUCTS_DIR; };
		8BE15FCF2631F0CD001D1DA0 /* AppDelegate.swift */ = {isa = PBXFileReference; lastKnownFileType = sourcecode.swift; path = AppDelegate.swift; sourceTree = "<group>"; };
		8BE15FD12631F0CD001D1DA0 /* SceneDelegate.swift */ = {isa = PBXFileReference; lastKnownFileType = sourcecode.swift; path = SceneDelegate.swift; sourceTree = "<group>"; };
		8BE15FD32631F0CD001D1DA0 /* SignInView.swift */ = {isa = PBXFileReference; lastKnownFileType = sourcecode.swift; path = SignInView.swift; sourceTree = "<group>"; };
		8BE15FD52631F0D1001D1DA0 /* Assets.xcassets */ = {isa = PBXFileReference; lastKnownFileType = folder.assetcatalog; path = Assets.xcassets; sourceTree = "<group>"; };
		8BE15FD82631F0D1001D1DA0 /* Preview Assets.xcassets */ = {isa = PBXFileReference; lastKnownFileType = folder.assetcatalog; path = "Preview Assets.xcassets"; sourceTree = "<group>"; };
		8BE15FDB2631F0D1001D1DA0 /* Base */ = {isa = PBXFileReference; lastKnownFileType = file.storyboard; name = Base; path = Base.lproj/LaunchScreen.storyboard; sourceTree = "<group>"; };
		8BE15FDD2631F0D1001D1DA0 /* Info.plist */ = {isa = PBXFileReference; lastKnownFileType = text.plist.xml; path = Info.plist; sourceTree = "<group>"; };
		8BE15FE92631F15F001D1DA0 /* StoreDetails.swift */ = {isa = PBXFileReference; lastKnownFileType = sourcecode.swift; path = StoreDetails.swift; sourceTree = "<group>"; };
		8BE15FF12631F401001D1DA0 /* ModelData.swift */ = {isa = PBXFileReference; lastKnownFileType = sourcecode.swift; path = ModelData.swift; sourceTree = "<group>"; };
		8BE15FF52631FAEB001D1DA0 /* stores.json */ = {isa = PBXFileReference; fileEncoding = 4; lastKnownFileType = text.json; path = stores.json; sourceTree = "<group>"; };
		8BE15FFE2631FF1C001D1DA0 /* TawseelView.swift */ = {isa = PBXFileReference; lastKnownFileType = sourcecode.swift; path = TawseelView.swift; sourceTree = "<group>"; };
		8BF20B3B26320A43007AC659 /* CategoryRow.swift */ = {isa = PBXFileReference; lastKnownFileType = sourcecode.swift; path = CategoryRow.swift; sourceTree = "<group>"; };
		8BF20B3E26320B41007AC659 /* CategoryItem.swift */ = {isa = PBXFileReference; lastKnownFileType = sourcecode.swift; path = CategoryItem.swift; sourceTree = "<group>"; };
		8BF20B4426320F75007AC659 /* MapView.swift */ = {isa = PBXFileReference; fileEncoding = 4; lastKnownFileType = sourcecode.swift; path = MapView.swift; sourceTree = "<group>"; };
		8BF20B4526320F75007AC659 /* CircleImage.swift */ = {isa = PBXFileReference; fileEncoding = 4; lastKnownFileType = sourcecode.swift; path = CircleImage.swift; sourceTree = "<group>"; };
		8BF20B4626320F75007AC659 /* StoreView.swift */ = {isa = PBXFileReference; fileEncoding = 4; lastKnownFileType = sourcecode.swift; path = StoreView.swift; sourceTree = "<group>"; };
		8BF20B4726320F75007AC659 /* FavoriteButton.swift */ = {isa = PBXFileReference; fileEncoding = 4; lastKnownFileType = sourcecode.swift; path = FavoriteButton.swift; sourceTree = "<group>"; };
/* End PBXFileReference section */

/* Begin PBXFrameworksBuildPhase section */
		8B4A2C0326EBE85C00627938 /* Frameworks */ = {
			isa = PBXFrameworksBuildPhase;
			buildActionMask = 2147483647;
			files = (
			);
			runOnlyForDeploymentPostprocessing = 0;
		};
		8BE15FC92631F0CD001D1DA0 /* Frameworks */ = {
			isa = PBXFrameworksBuildPhase;
			buildActionMask = 2147483647;
			files = (
				8B4FD25B2646C5A200C004BF /* Alamofire in Frameworks */,
			);
			runOnlyForDeploymentPostprocessing = 0;
		};
/* End PBXFrameworksBuildPhase section */

/* Begin PBXGroup section */
		8B1E5160263FE3B50015C353 /* Views */ = {
			isa = PBXGroup;
			children = (
				8BBF8B5D26E36D3600619D6A /* Purchase History */,
				E0F9565E26D2383500137F50 /* IngredientsView */,
				8B1E517E264016EC0015C353 /* ContentView.swift */,
				8B419EFA26483F190032088A /* SignInView */,
				8B419EFB26483F250032088A /* SignUpView */,
				8B1E5164263FE7580015C353 /* TwaseelView */,
				8B1E5179264008810015C353 /* HomeView */,
				8BB5F3772642CBE200D2F604 /* CardView */,
				8B1E516F264006110015C353 /* ProfileView */,
				8B1E5168263FE7D20015C353 /* StoreView */,
			);
			path = Views;
			sourceTree = "<group>";
		};
		8B1E5161263FE3D50015C353 /* Models */ = {
			isa = PBXGroup;
			children = (
				8B70852926DE962E00C8591C /* OrderModel.swift */,
				8BB5F3732642CB0700D2F604 /* Cart.swift */,
				8B03AF2F26404EF9001AF518 /* Item.swift */,
				8B03AF48264165F9001AF518 /* LogInCredentials.swift */,
				8B648E3326E2666800B21104 /* Client.swift */,
			);
			path = Models;
			sourceTree = "<group>";
		};
		8B1E5164263FE7580015C353 /* TwaseelView */ = {
			isa = PBXGroup;
			children = (
				8BE15FFE2631FF1C001D1DA0 /* TawseelView.swift */,
				8B1E5166263FE7700015C353 /* TawseelViewComponents */,
			);
			path = TwaseelView;
			sourceTree = "<group>";
		};
		8B1E5166263FE7700015C353 /* TawseelViewComponents */ = {
			isa = PBXGroup;
			children = (
				8BF20B3B26320A43007AC659 /* CategoryRow.swift */,
				8BF20B3E26320B41007AC659 /* CategoryItem.swift */,
			);
			path = TawseelViewComponents;
			sourceTree = "<group>";
		};
		8B1E5168263FE7D20015C353 /* StoreView */ = {
			isa = PBXGroup;
			children = (
				8BF20B4626320F75007AC659 /* StoreView.swift */,
				8B03AF2C26404E17001AF518 /* itemCard.swift */,
				8B03AF3D26405B6D001AF518 /* ItemCategoryRow.swift */,
				8B2622C226DAA8F600701FAC /* ItemView.swift */,
			);
			path = StoreView;
			sourceTree = "<group>";
		};
		8B1E516F264006110015C353 /* ProfileView */ = {
			isa = PBXGroup;
			children = (
				8B1E5157263FE2670015C353 /* ProfileView.swift */,
				8B648E3526E277F400B21104 /* AddressView.swift */,
			);
			path = ProfileView;
			sourceTree = "<group>";
		};
		8B1E5179264008810015C353 /* HomeView */ = {
			isa = PBXGroup;
			children = (
				8B1E515B263FE2E10015C353 /* HomeView.swift */,
			);
			path = HomeView;
			sourceTree = "<group>";
		};
		8B419EF9264817D90032088A /* ViewModels */ = {
			isa = PBXGroup;
			children = (
				8B03AF4526416551001AF518 /* LoginModelData.swift */,
				8B03AF33264057E2001AF518 /* ItemModelData.swift */,
				8BE15FF12631F401001D1DA0 /* ModelData.swift */,
				8BA0AD8526E02AEA00D908B8 /* ClientModelData.swift */,
				8BA0AD8926E1639100D908B8 /* OrderModelData.swift */,
			);
			path = ViewModels;
			sourceTree = "<group>";
		};
		8B419EFA26483F190032088A /* SignInView */ = {
			isa = PBXGroup;
			children = (
				8BE15FD32631F0CD001D1DA0 /* SignInView.swift */,
			);
			path = SignInView;
			sourceTree = "<group>";
		};
		8B419EFB26483F250032088A /* SignUpView */ = {
			isa = PBXGroup;
			children = (
				8B1E516A263FEA1D0015C353 /* SignUpView.swift */,
			);
			path = SignUpView;
			sourceTree = "<group>";
		};
		8B419EFC264929BC0032088A /* ViewUtilities */ = {
			isa = PBXGroup;
			children = (
				8B03AF4B2641667C001AF518 /* ImageLoader.swift */,
				8B419EFD26492A1F0032088A /* SmartUIImage.swift */,
			);
			path = ViewUtilities;
			sourceTree = "<group>";
		};
		8B4A2C0726EBE85C00627938 /* OrderTest */ = {
			isa = PBXGroup;
			children = (
				8B4A2C0826EBE85C00627938 /* OrderTest.swift */,
				8B4A2C0A26EBE85C00627938 /* Info.plist */,
			);
			path = OrderTest;
			sourceTree = "<group>";
		};
		8BB5F3772642CBE200D2F604 /* CardView */ = {
			isa = PBXGroup;
			children = (
				8BB5F3752642CBD400D2F604 /* CartView.swift */,
				8BA0AD8726E147A600D908B8 /* CartItemView.swift */,
			);
			path = CardView;
			sourceTree = "<group>";
		};
		8BBF8B5D26E36D3600619D6A /* Purchase History */ = {
			isa = PBXGroup;
			children = (
				8BBF8B5E26E36D7000619D6A /* PurchaseHistoryView.swift */,
			);
			path = "Purchase History";
			sourceTree = "<group>";
		};
		8BE15FC32631F0CD001D1DA0 = {
			isa = PBXGroup;
			children = (
				8BE15FCE2631F0CD001D1DA0 /* Tawseel */,
				8B4A2C0726EBE85C00627938 /* OrderTest */,
				8BE15FCD2631F0CD001D1DA0 /* Products */,
			);
			sourceTree = "<group>";
		};
		8BE15FCD2631F0CD001D1DA0 /* Products */ = {
			isa = PBXGroup;
			children = (
				8BE15FCC2631F0CD001D1DA0 /* Tawseel.app */,
				8B4A2C0626EBE85C00627938 /* OrderTest.xctest */,
			);
			name = Products;
			sourceTree = "<group>";
		};
		8BE15FCE2631F0CD001D1DA0 /* Tawseel */ = {
			isa = PBXGroup;
			children = (
				8B1A2DD6264A76C900B9FBAB /* Tawseel.entitlements */,
				8BE15FCF2631F0CD001D1DA0 /* AppDelegate.swift */,
				8B03AF40264149CD001AF518 /* AppManager.swift */,
				8BE15FE92631F15F001D1DA0 /* StoreDetails.swift */,
				8BE15FD12631F0CD001D1DA0 /* SceneDelegate.swift */,
				8BE15FDD2631F0D1001D1DA0 /* Info.plist */,
				8BE15FDA2631F0D1001D1DA0 /* LaunchScreen.storyboard */,
				8BE15FD52631F0D1001D1DA0 /* Assets.xcassets */,
				8BE15FD72631F0D1001D1DA0 /* Preview Content */,
				8B1E5161263FE3D50015C353 /* Models */,
				8B1E5160263FE3B50015C353 /* Views */,
				8B419EF9264817D90032088A /* ViewModels */,
				8B419EFC264929BC0032088A /* ViewUtilities */,
				8BE15FEC2631F291001D1DA0 /* Resources */,
				8BE15FE42631F0DD001D1DA0 /* Stores */,
			);
			path = Tawseel;
			sourceTree = "<group>";
		};
		8BE15FD72631F0D1001D1DA0 /* Preview Content */ = {
			isa = PBXGroup;
			children = (
				8BE15FD82631F0D1001D1DA0 /* Preview Assets.xcassets */,
			);
			path = "Preview Content";
			sourceTree = "<group>";
		};
		8BE15FE42631F0DD001D1DA0 /* Stores */ = {
			isa = PBXGroup;
			children = (
				8BF20B4326320F75007AC659 /* LandmarkDetail */,
				8BF20B4726320F75007AC659 /* FavoriteButton.swift */,
			);
			path = Stores;
			sourceTree = "<group>";
		};
		8BE15FEC2631F291001D1DA0 /* Resources */ = {
			isa = PBXGroup;
			children = (
				8B03AF4326416348001AF518 /* keystore.p12 */,
				8BE15FF52631FAEB001D1DA0 /* stores.json */,
				8B03AF3626405949001AF518 /* items.json */,
			);
			path = Resources;
			sourceTree = "<group>";
		};
		8BF20B4326320F75007AC659 /* LandmarkDetail */ = {
			isa = PBXGroup;
			children = (
				8BF20B4426320F75007AC659 /* MapView.swift */,
				8BF20B4526320F75007AC659 /* CircleImage.swift */,
			);
			path = LandmarkDetail;
			sourceTree = "<group>";
		};
		E0F9565E26D2383500137F50 /* IngredientsView */ = {
			isa = PBXGroup;
			children = (
				8B2622C526DAB7B000701FAC /* CheckBoxView.swift */,
				8B2622C926DAB7D300701FAC /* NumberPickerView.swift */,
				8B3C01BE26DE8A79007BDBCD /* ChoiceButton.swift */,
				8B568F4626DEA35400C50725 /* MultiChoiceView.swift */,
			);
			path = IngredientsView;
			sourceTree = "<group>";
		};
/* End PBXGroup section */

/* Begin PBXNativeTarget section */
		8B4A2C0526EBE85C00627938 /* OrderTest */ = {
			isa = PBXNativeTarget;
			buildConfigurationList = 8B4A2C0F26EBE85C00627938 /* Build configuration list for PBXNativeTarget "OrderTest" */;
			buildPhases = (
				8B4A2C0226EBE85C00627938 /* Sources */,
				8B4A2C0326EBE85C00627938 /* Frameworks */,
				8B4A2C0426EBE85C00627938 /* Resources */,
			);
			buildRules = (
			);
			dependencies = (
				8B4A2C0C26EBE85C00627938 /* PBXTargetDependency */,
			);
			name = OrderTest;
			productName = OrderTest;
			productReference = 8B4A2C0626EBE85C00627938 /* OrderTest.xctest */;
			productType = "com.apple.product-type.bundle.unit-test";
		};
		8BE15FCB2631F0CD001D1DA0 /* Tawseel */ = {
			isa = PBXNativeTarget;
			buildConfigurationList = 8BE15FE02631F0D1001D1DA0 /* Build configuration list for PBXNativeTarget "Tawseel" */;
			buildPhases = (
				8BE15FC82631F0CD001D1DA0 /* Sources */,
				8BE15FC92631F0CD001D1DA0 /* Frameworks */,
				8BE15FCA2631F0CD001D1DA0 /* Resources */,
			);
			buildRules = (
			);
			dependencies = (
			);
			name = Tawseel;
			packageProductDependencies = (
				8B4FD25A2646C5A200C004BF /* Alamofire */,
			);
			productName = Tawseel;
			productReference = 8BE15FCC2631F0CD001D1DA0 /* Tawseel.app */;
			productType = "com.apple.product-type.application";
		};
/* End PBXNativeTarget section */

/* Begin PBXProject section */
		8BE15FC42631F0CD001D1DA0 /* Project object */ = {
			isa = PBXProject;
			attributes = {
				LastSwiftUpdateCheck = 1250;
				LastUpgradeCheck = 1240;
				TargetAttributes = {
					8B4A2C0526EBE85C00627938 = {
						CreatedOnToolsVersion = 12.5.1;
						TestTargetID = 8BE15FCB2631F0CD001D1DA0;
					};
					8BE15FCB2631F0CD001D1DA0 = {
						CreatedOnToolsVersion = 12.4;
					};
				};
			};
			buildConfigurationList = 8BE15FC72631F0CD001D1DA0 /* Build configuration list for PBXProject "Tawseel" */;
			compatibilityVersion = "Xcode 9.3";
			developmentRegion = en;
			hasScannedForEncodings = 0;
			knownRegions = (
				en,
				Base,
			);
			mainGroup = 8BE15FC32631F0CD001D1DA0;
			packageReferences = (
				8B4FD2592646C5A200C004BF /* XCRemoteSwiftPackageReference "Alamofire" */,
			);
			productRefGroup = 8BE15FCD2631F0CD001D1DA0 /* Products */;
			projectDirPath = "";
			projectRoot = "";
			targets = (
				8BE15FCB2631F0CD001D1DA0 /* Tawseel */,
				8B4A2C0526EBE85C00627938 /* OrderTest */,
			);
		};
/* End PBXProject section */

/* Begin PBXResourcesBuildPhase section */
		8B4A2C0426EBE85C00627938 /* Resources */ = {
			isa = PBXResourcesBuildPhase;
			buildActionMask = 2147483647;
			files = (
			);
			runOnlyForDeploymentPostprocessing = 0;
		};
		8BE15FCA2631F0CD001D1DA0 /* Resources */ = {
			isa = PBXResourcesBuildPhase;
			buildActionMask = 2147483647;
			files = (
				8BE15FDC2631F0D1001D1DA0 /* LaunchScreen.storyboard in Resources */,
				8BE15FF62631FAEB001D1DA0 /* stores.json in Resources */,
				8B03AF3726405949001AF518 /* items.json in Resources */,
				8BE15FD92631F0D1001D1DA0 /* Preview Assets.xcassets in Resources */,
				8BE15FD62631F0D1001D1DA0 /* Assets.xcassets in Resources */,
			);
			runOnlyForDeploymentPostprocessing = 0;
		};
/* End PBXResourcesBuildPhase section */

/* Begin PBXSourcesBuildPhase section */
		8B4A2C0226EBE85C00627938 /* Sources */ = {
			isa = PBXSourcesBuildPhase;
			buildActionMask = 2147483647;
			files = (
				8B4A2C0926EBE85C00627938 /* OrderTest.swift in Sources */,
			);
			runOnlyForDeploymentPostprocessing = 0;
		};
		8BE15FC82631F0CD001D1DA0 /* Sources */ = {
			isa = PBXSourcesBuildPhase;
			buildActionMask = 2147483647;
			files = (
				8B03AF49264165F9001AF518 /* LogInCredentials.swift in Sources */,
				8B2622C626DAB7B000701FAC /* CheckBoxView.swift in Sources */,
				8BB5F3762642CBD400D2F604 /* CartView.swift in Sources */,
				8B03AF3E26405B6D001AF518 /* ItemCategoryRow.swift in Sources */,
				8BBF8B5F26E36D7000619D6A /* PurchaseHistoryView.swift in Sources */,
				8B03AF34264057E2001AF518 /* ItemModelData.swift in Sources */,
				8B03AF2D26404E17001AF518 /* itemCard.swift in Sources */,
				8B70852A26DE962E00C8591C /* OrderModel.swift in Sources */,
				8BE15FEA2631F15F001D1DA0 /* StoreDetails.swift in Sources */,
				8B1E516B263FEA1D0015C353 /* SignUpView.swift in Sources */,
				8B1E515C263FE2E10015C353 /* HomeView.swift in Sources */,
				8BE15FD02631F0CD001D1DA0 /* AppDelegate.swift in Sources */,
				8B419EFE26492A1F0032088A /* SmartUIImage.swift in Sources */,
				8B03AF41264149CE001AF518 /* AppManager.swift in Sources */,
				8B1E5158263FE2670015C353 /* ProfileView.swift in Sources */,
				8BA0AD8A26E1639100D908B8 /* OrderModelData.swift in Sources */,
				8BF20B3F26320B41007AC659 /* CategoryItem.swift in Sources */,
				8BF20B4B26320F75007AC659 /* FavoriteButton.swift in Sources */,
				8B1E517F264016EC0015C353 /* ContentView.swift in Sources */,
				8BE15FFF2631FF1C001D1DA0 /* TawseelView.swift in Sources */,
				8B03AF4626416551001AF518 /* LoginModelData.swift in Sources */,
				8BE15FD22631F0CD001D1DA0 /* SceneDelegate.swift in Sources */,
				8B2622CA26DAB7D300701FAC /* NumberPickerView.swift in Sources */,
				8B648E3426E2666800B21104 /* Client.swift in Sources */,
				8B568F4726DEA35400C50725 /* MultiChoiceView.swift in Sources */,
				8BF20B3C26320A43007AC659 /* CategoryRow.swift in Sources */,
				8BB5F3742642CB0700D2F604 /* Cart.swift in Sources */,
				8B03AF4C2641667C001AF518 /* ImageLoader.swift in Sources */,
				8B648E3626E277F400B21104 /* AddressView.swift in Sources */,
				8BE15FD42631F0CD001D1DA0 /* SignInView.swift in Sources */,
				8BF20B4826320F75007AC659 /* MapView.swift in Sources */,
				8BA0AD8626E02AEA00D908B8 /* ClientModelData.swift in Sources */,
				8B2622C326DAA8F600701FAC /* ItemView.swift in Sources */,
				8B03AF3026404EF9001AF518 /* Item.swift in Sources */,
				8BE15FF22631F401001D1DA0 /* ModelData.swift in Sources */,
				8BF20B4926320F75007AC659 /* CircleImage.swift in Sources */,
				8BA0AD8826E147A600D908B8 /* CartItemView.swift in Sources */,
				8BF20B4A26320F75007AC659 /* StoreView.swift in Sources */,
				8B3C01BF26DE8A79007BDBCD /* ChoiceButton.swift in Sources */,
			);
			runOnlyForDeploymentPostprocessing = 0;
		};
/* End PBXSourcesBuildPhase section */

/* Begin PBXTargetDependency section */
		8B4A2C0C26EBE85C00627938 /* PBXTargetDependency */ = {
			isa = PBXTargetDependency;
			target = 8BE15FCB2631F0CD001D1DA0 /* Tawseel */;
			targetProxy = 8B4A2C0B26EBE85C00627938 /* PBXContainerItemProxy */;
		};
/* End PBXTargetDependency section */

/* Begin PBXVariantGroup section */
		8BE15FDA2631F0D1001D1DA0 /* LaunchScreen.storyboard */ = {
			isa = PBXVariantGroup;
			children = (
				8BE15FDB2631F0D1001D1DA0 /* Base */,
			);
			name = LaunchScreen.storyboard;
			sourceTree = "<group>";
		};
/* End PBXVariantGroup section */

/* Begin XCBuildConfiguration section */
		8B4A2C0D26EBE85C00627938 /* Debug */ = {
			isa = XCBuildConfiguration;
			buildSettings = {
				BUNDLE_LOADER = "$(TEST_HOST)";
				CODE_SIGN_STYLE = Automatic;
				DEVELOPMENT_TEAM = T8E38EMWG6;
				INFOPLIST_FILE = OrderTest/Info.plist;
				IPHONEOS_DEPLOYMENT_TARGET = 14.5;
				LD_RUNPATH_SEARCH_PATHS = (
					"$(inherited)",
					"@executable_path/Frameworks",
					"@loader_path/Frameworks",
				);
				PRODUCT_BUNDLE_IDENTIFIER = hmhh.OrderTest;
				PRODUCT_NAME = "$(TARGET_NAME)";
				SWIFT_VERSION = 5.0;
				TARGETED_DEVICE_FAMILY = "1,2";
				TEST_HOST = "$(BUILT_PRODUCTS_DIR)/Tawseel.app/Tawseel";
			};
			name = Debug;
		};
		8B4A2C0E26EBE85C00627938 /* Release */ = {
			isa = XCBuildConfiguration;
			buildSettings = {
				BUNDLE_LOADER = "$(TEST_HOST)";
				CODE_SIGN_STYLE = Automatic;
				DEVELOPMENT_TEAM = T8E38EMWG6;
				INFOPLIST_FILE = OrderTest/Info.plist;
				IPHONEOS_DEPLOYMENT_TARGET = 14.5;
				LD_RUNPATH_SEARCH_PATHS = (
					"$(inherited)",
					"@executable_path/Frameworks",
					"@loader_path/Frameworks",
				);
				PRODUCT_BUNDLE_IDENTIFIER = hmhh.OrderTest;
				PRODUCT_NAME = "$(TARGET_NAME)";
				SWIFT_VERSION = 5.0;
				TARGETED_DEVICE_FAMILY = "1,2";
				TEST_HOST = "$(BUILT_PRODUCTS_DIR)/Tawseel.app/Tawseel";
			};
			name = Release;
		};
		8BE15FDE2631F0D1001D1DA0 /* Debug */ = {
			isa = XCBuildConfiguration;
			buildSettings = {
				ALWAYS_SEARCH_USER_PATHS = NO;
				CLANG_ANALYZER_NONNULL = YES;
				CLANG_ANALYZER_NUMBER_OBJECT_CONVERSION = YES_AGGRESSIVE;
				CLANG_CXX_LANGUAGE_STANDARD = "gnu++14";
				CLANG_CXX_LIBRARY = "libc++";
				CLANG_ENABLE_MODULES = YES;
				CLANG_ENABLE_OBJC_ARC = YES;
				CLANG_ENABLE_OBJC_WEAK = YES;
				CLANG_WARN_BLOCK_CAPTURE_AUTORELEASING = YES;
				CLANG_WARN_BOOL_CONVERSION = YES;
				CLANG_WARN_COMMA = YES;
				CLANG_WARN_CONSTANT_CONVERSION = YES;
				CLANG_WARN_DEPRECATED_OBJC_IMPLEMENTATIONS = YES;
				CLANG_WARN_DIRECT_OBJC_ISA_USAGE = YES_ERROR;
				CLANG_WARN_DOCUMENTATION_COMMENTS = YES;
				CLANG_WARN_EMPTY_BODY = YES;
				CLANG_WARN_ENUM_CONVERSION = YES;
				CLANG_WARN_INFINITE_RECURSION = YES;
				CLANG_WARN_INT_CONVERSION = YES;
				CLANG_WARN_NON_LITERAL_NULL_CONVERSION = YES;
				CLANG_WARN_OBJC_IMPLICIT_RETAIN_SELF = YES;
				CLANG_WARN_OBJC_LITERAL_CONVERSION = YES;
				CLANG_WARN_OBJC_ROOT_CLASS = YES_ERROR;
				CLANG_WARN_QUOTED_INCLUDE_IN_FRAMEWORK_HEADER = YES;
				CLANG_WARN_RANGE_LOOP_ANALYSIS = YES;
				CLANG_WARN_STRICT_PROTOTYPES = YES;
				CLANG_WARN_SUSPICIOUS_MOVE = YES;
				CLANG_WARN_UNGUARDED_AVAILABILITY = YES_AGGRESSIVE;
				CLANG_WARN_UNREACHABLE_CODE = YES;
				CLANG_WARN__DUPLICATE_METHOD_MATCH = YES;
				COPY_PHASE_STRIP = NO;
				DEBUG_INFORMATION_FORMAT = dwarf;
				ENABLE_STRICT_OBJC_MSGSEND = YES;
				ENABLE_TESTABILITY = YES;
				GCC_C_LANGUAGE_STANDARD = gnu11;
				GCC_DYNAMIC_NO_PIC = NO;
				GCC_NO_COMMON_BLOCKS = YES;
				GCC_OPTIMIZATION_LEVEL = 0;
				GCC_PREPROCESSOR_DEFINITIONS = (
					"DEBUG=1",
					"$(inherited)",
				);
				GCC_WARN_64_TO_32_BIT_CONVERSION = YES;
				GCC_WARN_ABOUT_RETURN_TYPE = YES_ERROR;
				GCC_WARN_UNDECLARED_SELECTOR = YES;
				GCC_WARN_UNINITIALIZED_AUTOS = YES_AGGRESSIVE;
				GCC_WARN_UNUSED_FUNCTION = YES;
				GCC_WARN_UNUSED_VARIABLE = YES;
				IPHONEOS_DEPLOYMENT_TARGET = 14.4;
				MTL_ENABLE_DEBUG_INFO = INCLUDE_SOURCE;
				MTL_FAST_MATH = YES;
				ONLY_ACTIVE_ARCH = YES;
				SDKROOT = iphoneos;
				SWIFT_ACTIVE_COMPILATION_CONDITIONS = DEBUG;
				SWIFT_OPTIMIZATION_LEVEL = "-Onone";
			};
			name = Debug;
		};
		8BE15FDF2631F0D1001D1DA0 /* Release */ = {
			isa = XCBuildConfiguration;
			buildSettings = {
				ALWAYS_SEARCH_USER_PATHS = NO;
				CLANG_ANALYZER_NONNULL = YES;
				CLANG_ANALYZER_NUMBER_OBJECT_CONVERSION = YES_AGGRESSIVE;
				CLANG_CXX_LANGUAGE_STANDARD = "gnu++14";
				CLANG_CXX_LIBRARY = "libc++";
				CLANG_ENABLE_MODULES = YES;
				CLANG_ENABLE_OBJC_ARC = YES;
				CLANG_ENABLE_OBJC_WEAK = YES;
				CLANG_WARN_BLOCK_CAPTURE_AUTORELEASING = YES;
				CLANG_WARN_BOOL_CONVERSION = YES;
				CLANG_WARN_COMMA = YES;
				CLANG_WARN_CONSTANT_CONVERSION = YES;
				CLANG_WARN_DEPRECATED_OBJC_IMPLEMENTATIONS = YES;
				CLANG_WARN_DIRECT_OBJC_ISA_USAGE = YES_ERROR;
				CLANG_WARN_DOCUMENTATION_COMMENTS = YES;
				CLANG_WARN_EMPTY_BODY = YES;
				CLANG_WARN_ENUM_CONVERSION = YES;
				CLANG_WARN_INFINITE_RECURSION = YES;
				CLANG_WARN_INT_CONVERSION = YES;
				CLANG_WARN_NON_LITERAL_NULL_CONVERSION = YES;
				CLANG_WARN_OBJC_IMPLICIT_RETAIN_SELF = YES;
				CLANG_WARN_OBJC_LITERAL_CONVERSION = YES;
				CLANG_WARN_OBJC_ROOT_CLASS = YES_ERROR;
				CLANG_WARN_QUOTED_INCLUDE_IN_FRAMEWORK_HEADER = YES;
				CLANG_WARN_RANGE_LOOP_ANALYSIS = YES;
				CLANG_WARN_STRICT_PROTOTYPES = YES;
				CLANG_WARN_SUSPICIOUS_MOVE = YES;
				CLANG_WARN_UNGUARDED_AVAILABILITY = YES_AGGRESSIVE;
				CLANG_WARN_UNREACHABLE_CODE = YES;
				CLANG_WARN__DUPLICATE_METHOD_MATCH = YES;
				COPY_PHASE_STRIP = NO;
				DEBUG_INFORMATION_FORMAT = "dwarf-with-dsym";
				ENABLE_NS_ASSERTIONS = NO;
				ENABLE_STRICT_OBJC_MSGSEND = YES;
				GCC_C_LANGUAGE_STANDARD = gnu11;
				GCC_NO_COMMON_BLOCKS = YES;
				GCC_WARN_64_TO_32_BIT_CONVERSION = YES;
				GCC_WARN_ABOUT_RETURN_TYPE = YES_ERROR;
				GCC_WARN_UNDECLARED_SELECTOR = YES;
				GCC_WARN_UNINITIALIZED_AUTOS = YES_AGGRESSIVE;
				GCC_WARN_UNUSED_FUNCTION = YES;
				GCC_WARN_UNUSED_VARIABLE = YES;
				IPHONEOS_DEPLOYMENT_TARGET = 14.4;
				MTL_ENABLE_DEBUG_INFO = NO;
				MTL_FAST_MATH = YES;
				SDKROOT = iphoneos;
				SWIFT_COMPILATION_MODE = wholemodule;
				SWIFT_OPTIMIZATION_LEVEL = "-O";
				VALIDATE_PRODUCT = YES;
			};
			name = Release;
		};
		8BE15FE12631F0D1001D1DA0 /* Debug */ = {
			isa = XCBuildConfiguration;
			buildSettings = {
				ASSETCATALOG_COMPILER_APPICON_NAME = AppIcon;
				ASSETCATALOG_COMPILER_GLOBAL_ACCENT_COLOR_NAME = AccentColor;
				CODE_SIGN_ENTITLEMENTS = Tawseel/Tawseel.entitlements;
				CODE_SIGN_STYLE = Automatic;
				DEVELOPMENT_ASSET_PATHS = "\"Tawseel/Preview Content\"";
				DEVELOPMENT_TEAM = T8E38EMWG6;
				ENABLE_PREVIEWS = YES;
				INFOPLIST_FILE = Tawseel/Info.plist;
				LD_RUNPATH_SEARCH_PATHS = (
					"$(inherited)",
					"@executable_path/Frameworks",
				);
				PRODUCT_BUNDLE_IDENTIFIER = tawseel.Tawseel;
				PRODUCT_NAME = "$(TARGET_NAME)";
				SUPPORTS_MACCATALYST = NO;
				SWIFT_VERSION = 5.0;
				TARGETED_DEVICE_FAMILY = "1,2";
			};
			name = Debug;
		};
		8BE15FE22631F0D1001D1DA0 /* Release */ = {
			isa = XCBuildConfiguration;
			buildSettings = {
				ASSETCATALOG_COMPILER_APPICON_NAME = AppIcon;
				ASSETCATALOG_COMPILER_GLOBAL_ACCENT_COLOR_NAME = AccentColor;
				CODE_SIGN_ENTITLEMENTS = Tawseel/Tawseel.entitlements;
				CODE_SIGN_STYLE = Automatic;
				DEVELOPMENT_ASSET_PATHS = "\"Tawseel/Preview Content\"";
				DEVELOPMENT_TEAM = T8E38EMWG6;
				ENABLE_PREVIEWS = YES;
				INFOPLIST_FILE = Tawseel/Info.plist;
				LD_RUNPATH_SEARCH_PATHS = (
					"$(inherited)",
					"@executable_path/Frameworks",
				);
				PRODUCT_BUNDLE_IDENTIFIER = tawseel.Tawseel;
				PRODUCT_NAME = "$(TARGET_NAME)";
				SUPPORTS_MACCATALYST = NO;
				SWIFT_VERSION = 5.0;
				TARGETED_DEVICE_FAMILY = "1,2";
			};
			name = Release;
		};
/* End XCBuildConfiguration section */

/* Begin XCConfigurationList section */
		8B4A2C0F26EBE85C00627938 /* Build configuration list for PBXNativeTarget "OrderTest" */ = {
			isa = XCConfigurationList;
			buildConfigurations = (
				8B4A2C0D26EBE85C00627938 /* Debug */,
				8B4A2C0E26EBE85C00627938 /* Release */,
			);
			defaultConfigurationIsVisible = 0;
			defaultConfigurationName = Release;
		};
		8BE15FC72631F0CD001D1DA0 /* Build configuration list for PBXProject "Tawseel" */ = {
			isa = XCConfigurationList;
			buildConfigurations = (
				8BE15FDE2631F0D1001D1DA0 /* Debug */,
				8BE15FDF2631F0D1001D1DA0 /* Release */,
			);
			defaultConfigurationIsVisible = 0;
			defaultConfigurationName = Release;
		};
		8BE15FE02631F0D1001D1DA0 /* Build configuration list for PBXNativeTarget "Tawseel" */ = {
			isa = XCConfigurationList;
			buildConfigurations = (
				8BE15FE12631F0D1001D1DA0 /* Debug */,
				8BE15FE22631F0D1001D1DA0 /* Release */,
			);
			defaultConfigurationIsVisible = 0;
			defaultConfigurationName = Release;
		};
/* End XCConfigurationList section */

/* Begin XCRemoteSwiftPackageReference section */
		8B4FD2592646C5A200C004BF /* XCRemoteSwiftPackageReference "Alamofire" */ = {
			isa = XCRemoteSwiftPackageReference;
			repositoryURL = "https://github.com/Alamofire/Alamofire.git";
			requirement = {
				kind = upToNextMajorVersion;
				minimumVersion = 5.4.3;
			};
		};
/* End XCRemoteSwiftPackageReference section */

/* Begin XCSwiftPackageProductDependency section */
		8B4FD25A2646C5A200C004BF /* Alamofire */ = {
			isa = XCSwiftPackageProductDependency;
			package = 8B4FD2592646C5A200C004BF /* XCRemoteSwiftPackageReference "Alamofire" */;
			productName = Alamofire;
		};
/* End XCSwiftPackageProductDependency section */
	};
	rootObject = 8BE15FC42631F0CD001D1DA0 /* Project object */;
}
