// !$*UTF8*$!
{
	archiveVersion = 1;
	classes = {
	};
	objectVersion = 50;
	objects = {

/* Begin PBXBuildFile section */
		8B03AF2D26404E17001AF518 /* itemCard.swift in Sources */ = {isa = PBXBuildFile; fileRef = 8B03AF2C26404E17001AF518 /* itemCard.swift */; };
		8B03AF3026404EF9001AF518 /* Item.swift in Sources */ = {isa = PBXBuildFile; fileRef = 8B03AF2F26404EF9001AF518 /* Item.swift */; };
		8B03AF34264057E2001AF518 /* ItemModelData.swift in Sources */ = {isa = PBXBuildFile; fileRef = 8B03AF33264057E2001AF518 /* ItemModelData.swift */; };
		8B03AF3726405949001AF518 /* items.json in Resources */ = {isa = PBXBuildFile; fileRef = 8B03AF3626405949001AF518 /* items.json */; };
		8B03AF3E26405B6D001AF518 /* ItemCategoryRow.swift in Sources */ = {isa = PBXBuildFile; fileRef = 8B03AF3D26405B6D001AF518 /* ItemCategoryRow.swift */; };
		8B03AF41264149CE001AF518 /* AppManager.swift in Sources */ = {isa = PBXBuildFile; fileRef = 8B03AF40264149CD001AF518 /* AppManager.swift */; };
		8B03AF4626416551001AF518 /* LoginModel.swift in Sources */ = {isa = PBXBuildFile; fileRef = 8B03AF4526416551001AF518 /* LoginModel.swift */; };
		8B03AF49264165F9001AF518 /* LogInCredentials.swift in Sources */ = {isa = PBXBuildFile; fileRef = 8B03AF48264165F9001AF518 /* LogInCredentials.swift */; };
		8B03AF4C2641667C001AF518 /* ImageLoader.swift in Sources */ = {isa = PBXBuildFile; fileRef = 8B03AF4B2641667C001AF518 /* ImageLoader.swift */; };
		8B1E5158263FE2670015C353 /* SettingsView.swift in Sources */ = {isa = PBXBuildFile; fileRef = 8B1E5157263FE2670015C353 /* SettingsView.swift */; };
		8B1E515C263FE2E10015C353 /* HomeView.swift in Sources */ = {isa = PBXBuildFile; fileRef = 8B1E515B263FE2E10015C353 /* HomeView.swift */; };
		8B1E516B263FEA1D0015C353 /* SignUpView.swift in Sources */ = {isa = PBXBuildFile; fileRef = 8B1E516A263FEA1D0015C353 /* SignUpView.swift */; };
		8B1E5172264006280015C353 /* SettingsCell.swift in Sources */ = {isa = PBXBuildFile; fileRef = 8B1E5171264006280015C353 /* SettingsCell.swift */; };
		8B1E517F264016EC0015C353 /* ContentView.swift in Sources */ = {isa = PBXBuildFile; fileRef = 8B1E517E264016EC0015C353 /* ContentView.swift */; };
		8BB5F3742642CB0700D2F604 /* Cart.swift in Sources */ = {isa = PBXBuildFile; fileRef = 8BB5F3732642CB0700D2F604 /* Cart.swift */; };
		8BB5F3762642CBD400D2F604 /* CartView.swift in Sources */ = {isa = PBXBuildFile; fileRef = 8BB5F3752642CBD400D2F604 /* CartView.swift */; };
		8BE15FD02631F0CD001D1DA0 /* AppDelegate.swift in Sources */ = {isa = PBXBuildFile; fileRef = 8BE15FCF2631F0CD001D1DA0 /* AppDelegate.swift */; };
		8BE15FD22631F0CD001D1DA0 /* SceneDelegate.swift in Sources */ = {isa = PBXBuildFile; fileRef = 8BE15FD12631F0CD001D1DA0 /* SceneDelegate.swift */; };
		8BE15FD42631F0CD001D1DA0 /* SignInView.swift in Sources */ = {isa = PBXBuildFile; fileRef = 8BE15FD32631F0CD001D1DA0 /* SignInView.swift */; };
		8BE15FD62631F0D1001D1DA0 /* Assets.xcassets in Resources */ = {isa = PBXBuildFile; fileRef = 8BE15FD52631F0D1001D1DA0 /* Assets.xcassets */; };
		8BE15FD92631F0D1001D1DA0 /* Preview Assets.xcassets in Resources */ = {isa = PBXBuildFile; fileRef = 8BE15FD82631F0D1001D1DA0 /* Preview Assets.xcassets */; };
		8BE15FDC2631F0D1001D1DA0 /* LaunchScreen.storyboard in Resources */ = {isa = PBXBuildFile; fileRef = 8BE15FDA2631F0D1001D1DA0 /* LaunchScreen.storyboard */; };
		8BE15FEA2631F15F001D1DA0 /* StoreDetails.swift in Sources */ = {isa = PBXBuildFile; fileRef = 8BE15FE92631F15F001D1DA0 /* StoreDetails.swift */; };
		8BE15FF22631F401001D1DA0 /* ModelData.swift in Sources */ = {isa = PBXBuildFile; fileRef = 8BE15FF12631F401001D1DA0 /* ModelData.swift */; };
		8BE15FF62631FAEB001D1DA0 /* stores.json in Resources */ = {isa = PBXBuildFile; fileRef = 8BE15FF52631FAEB001D1DA0 /* stores.json */; };
		8BE15FFF2631FF1C001D1DA0 /* TawseelView.swift in Sources */ = {isa = PBXBuildFile; fileRef = 8BE15FFE2631FF1C001D1DA0 /* TawseelView.swift */; };
		8BF20B3C26320A43007AC659 /* CategoryRow.swift in Sources */ = {isa = PBXBuildFile; fileRef = 8BF20B3B26320A43007AC659 /* CategoryRow.swift */; };
		8BF20B3F26320B41007AC659 /* CategoryItem.swift in Sources */ = {isa = PBXBuildFile; fileRef = 8BF20B3E26320B41007AC659 /* CategoryItem.swift */; };
		8BF20B4826320F75007AC659 /* MapView.swift in Sources */ = {isa = PBXBuildFile; fileRef = 8BF20B4426320F75007AC659 /* MapView.swift */; };
		8BF20B4926320F75007AC659 /* CircleImage.swift in Sources */ = {isa = PBXBuildFile; fileRef = 8BF20B4526320F75007AC659 /* CircleImage.swift */; };
		8BF20B4A26320F75007AC659 /* StoreView.swift in Sources */ = {isa = PBXBuildFile; fileRef = 8BF20B4626320F75007AC659 /* StoreView.swift */; };
		8BF20B4B26320F75007AC659 /* FavoriteButton.swift in Sources */ = {isa = PBXBuildFile; fileRef = 8BF20B4726320F75007AC659 /* FavoriteButton.swift */; };
/* End PBXBuildFile section */

/* Begin PBXFileReference section */
		8B03AF2C26404E17001AF518 /* itemCard.swift */ = {isa = PBXFileReference; lastKnownFileType = sourcecode.swift; path = itemCard.swift; sourceTree = "<group>"; };
		8B03AF2F26404EF9001AF518 /* Item.swift */ = {isa = PBXFileReference; lastKnownFileType = sourcecode.swift; path = Item.swift; sourceTree = "<group>"; };
		8B03AF33264057E2001AF518 /* ItemModelData.swift */ = {isa = PBXFileReference; lastKnownFileType = sourcecode.swift; path = ItemModelData.swift; sourceTree = "<group>"; };
		8B03AF3626405949001AF518 /* items.json */ = {isa = PBXFileReference; lastKnownFileType = text.json; path = items.json; sourceTree = "<group>"; };
		8B03AF3D26405B6D001AF518 /* ItemCategoryRow.swift */ = {isa = PBXFileReference; lastKnownFileType = sourcecode.swift; path = ItemCategoryRow.swift; sourceTree = "<group>"; };
		8B03AF40264149CD001AF518 /* AppManager.swift */ = {isa = PBXFileReference; lastKnownFileType = sourcecode.swift; path = AppManager.swift; sourceTree = "<group>"; };
		8B03AF4326416348001AF518 /* keystore.p12 */ = {isa = PBXFileReference; lastKnownFileType = file; path = keystore.p12; sourceTree = "<group>"; };
		8B03AF4526416551001AF518 /* LoginModel.swift */ = {isa = PBXFileReference; lastKnownFileType = sourcecode.swift; path = LoginModel.swift; sourceTree = "<group>"; };
		8B03AF48264165F9001AF518 /* LogInCredentials.swift */ = {isa = PBXFileReference; lastKnownFileType = sourcecode.swift; path = LogInCredentials.swift; sourceTree = "<group>"; };
		8B03AF4B2641667C001AF518 /* ImageLoader.swift */ = {isa = PBXFileReference; lastKnownFileType = sourcecode.swift; path = ImageLoader.swift; sourceTree = "<group>"; };
		8B1E5157263FE2670015C353 /* SettingsView.swift */ = {isa = PBXFileReference; lastKnownFileType = sourcecode.swift; path = SettingsView.swift; sourceTree = "<group>"; };
		8B1E515B263FE2E10015C353 /* HomeView.swift */ = {isa = PBXFileReference; lastKnownFileType = sourcecode.swift; path = HomeView.swift; sourceTree = "<group>"; };
		8B1E516A263FEA1D0015C353 /* SignUpView.swift */ = {isa = PBXFileReference; lastKnownFileType = sourcecode.swift; path = SignUpView.swift; sourceTree = "<group>"; };
		8B1E5171264006280015C353 /* SettingsCell.swift */ = {isa = PBXFileReference; lastKnownFileType = sourcecode.swift; path = SettingsCell.swift; sourceTree = "<group>"; };
		8B1E517E264016EC0015C353 /* ContentView.swift */ = {isa = PBXFileReference; lastKnownFileType = sourcecode.swift; path = ContentView.swift; sourceTree = "<group>"; };
		8BB5F3732642CB0700D2F604 /* Cart.swift */ = {isa = PBXFileReference; lastKnownFileType = sourcecode.swift; path = Cart.swift; sourceTree = "<group>"; };
		8BB5F3752642CBD400D2F604 /* CartView.swift */ = {isa = PBXFileReference; lastKnownFileType = sourcecode.swift; path = CartView.swift; sourceTree = "<group>"; };
		8BE15FCC2631F0CD001D1DA0 /* Tawseel.app */ = {isa = PBXFileReference; explicitFileType = wrapper.application; includeInIndex = 0; path = Tawseel.app; sourceTree = BUILT_PRODUCTS_DIR; };
		8BE15FCF2631F0CD001D1DA0 /* AppDelegate.swift */ = {isa = PBXFileReference; lastKnownFileType = sourcecode.swift; path = AppDelegate.swift; sourceTree = "<group>"; };
		8BE15FD12631F0CD001D1DA0 /* SceneDelegate.swift */ = {isa = PBXFileReference; lastKnownFileType = sourcecode.swift; path = SceneDelegate.swift; sourceTree = "<group>"; };
		8BE15FD32631F0CD001D1DA0 /* SignInView.swift */ = {isa = PBXFileReference; lastKnownFileType = sourcecode.swift; path = SignInView.swift; sourceTree = "<group>"; };
		8BE15FD52631F0D1001D1DA0 /* Assets.xcassets */ = {isa = PBXFileReference; lastKnownFileType = folder.assetcatalog; path = Assets.xcassets; sourceTree = "<group>"; };
		8BE15FD82631F0D1001D1DA0 /* Preview Assets.xcassets */ = {isa = PBXFileReference; lastKnownFileType = folder.assetcatalog; path = "Preview Assets.xcassets"; sourceTree = "<group>"; };
		8BE15FDB2631F0D1001D1DA0 /* Base */ = {isa = PBXFileReference; lastKnownFileType = file.storyboard; name = Base; path = Base.lproj/LaunchScreen.storyboard; sourceTree = "<group>"; };
		8BE15FDD2631F0D1001D1DA0 /* Info.plist */ = {isa = PBXFileReference; lastKnownFileType = text.plist.xml; path = Info.plist; sourceTree = "<group>"; };
		8BE15FE92631F15F001D1DA0 /* StoreDetails.swift */ = {isa = PBXFileReference; lastKnownFileType = sourcecode.swift; path = StoreDetails.swift; sourceTree = "<group>"; };
		8BE15FF12631F401001D1DA0 /* ModelData.swift */ = {isa = PBXFileReference; lastKnownFileType = sourcecode.swift; path = ModelData.swift; sourceTree = "<group>"; };
		8BE15FF52631FAEB001D1DA0 /* stores.json */ = {isa = PBXFileReference; fileEncoding = 4; lastKnownFileType = text.json; path = stores.json; sourceTree = "<group>"; };
		8BE15FFE2631FF1C001D1DA0 /* TawseelView.swift */ = {isa = PBXFileReference; lastKnownFileType = sourcecode.swift; path = TawseelView.swift; sourceTree = "<group>"; };
		8BF20B3B26320A43007AC659 /* CategoryRow.swift */ = {isa = PBXFileReference; lastKnownFileType = sourcecode.swift; path = CategoryRow.swift; sourceTree = "<group>"; };
		8BF20B3E26320B41007AC659 /* CategoryItem.swift */ = {isa = PBXFileReference; lastKnownFileType = sourcecode.swift; path = CategoryItem.swift; sourceTree = "<group>"; };
		8BF20B4426320F75007AC659 /* MapView.swift */ = {isa = PBXFileReference; fileEncoding = 4; lastKnownFileType = sourcecode.swift; path = MapView.swift; sourceTree = "<group>"; };
		8BF20B4526320F75007AC659 /* CircleImage.swift */ = {isa = PBXFileReference; fileEncoding = 4; lastKnownFileType = sourcecode.swift; path = CircleImage.swift; sourceTree = "<group>"; };
		8BF20B4626320F75007AC659 /* StoreView.swift */ = {isa = PBXFileReference; fileEncoding = 4; lastKnownFileType = sourcecode.swift; path = StoreView.swift; sourceTree = "<group>"; };
		8BF20B4726320F75007AC659 /* FavoriteButton.swift */ = {isa = PBXFileReference; fileEncoding = 4; lastKnownFileType = sourcecode.swift; path = FavoriteButton.swift; sourceTree = "<group>"; };
/* End PBXFileReference section */

/* Begin PBXFrameworksBuildPhase section */
		8BE15FC92631F0CD001D1DA0 /* Frameworks */ = {
			isa = PBXFrameworksBuildPhase;
			buildActionMask = 2147483647;
			files = (
			);
			runOnlyForDeploymentPostprocessing = 0;
		};
/* End PBXFrameworksBuildPhase section */

/* Begin PBXGroup section */
		8B1E5160263FE3B50015C353 /* Views */ = {
			isa = PBXGroup;
			children = (
				8BE15FD32631F0CD001D1DA0 /* SignInView.swift */,
				8B1E516A263FEA1D0015C353 /* SignUpView.swift */,
				8B1E5164263FE7580015C353 /* TwaseelView */,
				8B1E5179264008810015C353 /* HomeView */,
				8BB5F3772642CBE200D2F604 /* CardView */,
				8B1E516F264006110015C353 /* SettingsView */,
				8B1E5168263FE7D20015C353 /* StoreView */,
				8B1E517E264016EC0015C353 /* ContentView.swift */,
			);
			path = Views;
			sourceTree = "<group>";
		};
		8B1E5161263FE3D50015C353 /* Models */ = {
			isa = PBXGroup;
			children = (
				8BE15FE92631F15F001D1DA0 /* StoreDetails.swift */,
				8BE15FF12631F401001D1DA0 /* ModelData.swift */,
				8B03AF2F26404EF9001AF518 /* Item.swift */,
				8B03AF33264057E2001AF518 /* ItemModelData.swift */,
				8B03AF4526416551001AF518 /* LoginModel.swift */,
				8B03AF48264165F9001AF518 /* LogInCredentials.swift */,
				8B03AF4B2641667C001AF518 /* ImageLoader.swift */,
			);
			path = Models;
			sourceTree = "<group>";
		};
		8B1E5164263FE7580015C353 /* TwaseelView */ = {
			isa = PBXGroup;
			children = (
				8BE15FFE2631FF1C001D1DA0 /* TawseelView.swift */,
				8B1E5166263FE7700015C353 /* TawseelViewComponents */,
			);
			path = TwaseelView;
			sourceTree = "<group>";
		};
		8B1E5166263FE7700015C353 /* TawseelViewComponents */ = {
			isa = PBXGroup;
			children = (
				8BF20B3B26320A43007AC659 /* CategoryRow.swift */,
				8BF20B3E26320B41007AC659 /* CategoryItem.swift */,
			);
			path = TawseelViewComponents;
			sourceTree = "<group>";
		};
		8B1E5168263FE7D20015C353 /* StoreView */ = {
			isa = PBXGroup;
			children = (
				8BF20B4626320F75007AC659 /* StoreView.swift */,
				8B03AF2C26404E17001AF518 /* itemCard.swift */,
				8B03AF3D26405B6D001AF518 /* ItemCategoryRow.swift */,
			);
			path = StoreView;
			sourceTree = "<group>";
		};
		8B1E516F264006110015C353 /* SettingsView */ = {
			isa = PBXGroup;
			children = (
				8B1E5171264006280015C353 /* SettingsCell.swift */,
				8B1E5157263FE2670015C353 /* SettingsView.swift */,
			);
			path = SettingsView;
			sourceTree = "<group>";
		};
		8B1E5179264008810015C353 /* HomeView */ = {
			isa = PBXGroup;
			children = (
				8B1E515B263FE2E10015C353 /* HomeView.swift */,
			);
			path = HomeView;
			sourceTree = "<group>";
		};
		8BB5F3772642CBE200D2F604 /* CardView */ = {
			isa = PBXGroup;
			children = (
				8BB5F3752642CBD400D2F604 /* CartView.swift */,
			);
			path = CardView;
			sourceTree = "<group>";
		};
		8BE15FC32631F0CD001D1DA0 = {
			isa = PBXGroup;
			children = (
				8BE15FCE2631F0CD001D1DA0 /* Tawseel */,
				8BE15FCD2631F0CD001D1DA0 /* Products */,
			);
			sourceTree = "<group>";
		};
		8BE15FCD2631F0CD001D1DA0 /* Products */ = {
			isa = PBXGroup;
			children = (
				8BE15FCC2631F0CD001D1DA0 /* Tawseel.app */,
			);
			name = Products;
			sourceTree = "<group>";
		};
		8BE15FCE2631F0CD001D1DA0 /* Tawseel */ = {
			isa = PBXGroup;
			children = (
				8BE15FEC2631F291001D1DA0 /* Resources */,
				8BE15FE42631F0DD001D1DA0 /* Stores */,
				8BE15FCF2631F0CD001D1DA0 /* AppDelegate.swift */,
				8BE15FD12631F0CD001D1DA0 /* SceneDelegate.swift */,
				8B1E5161263FE3D50015C353 /* Models */,
				8B1E5160263FE3B50015C353 /* Views */,
				8BE15FD52631F0D1001D1DA0 /* Assets.xcassets */,
				8BE15FDA2631F0D1001D1DA0 /* LaunchScreen.storyboard */,
				8BE15FDD2631F0D1001D1DA0 /* Info.plist */,
				8BE15FD72631F0D1001D1DA0 /* Preview Content */,
				8B03AF40264149CD001AF518 /* AppManager.swift */,
				8BB5F3732642CB0700D2F604 /* Cart.swift */,
			);
			path = Tawseel;
			sourceTree = "<group>";
		};
		8BE15FD72631F0D1001D1DA0 /* Preview Content */ = {
			isa = PBXGroup;
			children = (
				8BE15FD82631F0D1001D1DA0 /* Preview Assets.xcassets */,
			);
			path = "Preview Content";
			sourceTree = "<group>";
		};
		8BE15FE42631F0DD001D1DA0 /* Stores */ = {
			isa = PBXGroup;
			children = (
				8BF20B4326320F75007AC659 /* LandmarkDetail */,
				8BF20B4726320F75007AC659 /* FavoriteButton.swift */,
			);
			path = Stores;
			sourceTree = "<group>";
		};
		8BE15FEC2631F291001D1DA0 /* Resources */ = {
			isa = PBXGroup;
			children = (
				8B03AF4326416348001AF518 /* keystore.p12 */,
				8BE15FF52631FAEB001D1DA0 /* stores.json */,
				8B03AF3626405949001AF518 /* items.json */,
			);
			path = Resources;
			sourceTree = "<group>";
		};
		8BF20B4326320F75007AC659 /* LandmarkDetail */ = {
			isa = PBXGroup;
			children = (
				8BF20B4426320F75007AC659 /* MapView.swift */,
				8BF20B4526320F75007AC659 /* CircleImage.swift */,
			);
			path = LandmarkDetail;
			sourceTree = "<group>";
		};
/* End PBXGroup section */

/* Begin PBXNativeTarget section */
		8BE15FCB2631F0CD001D1DA0 /* Tawseel */ = {
			isa = PBXNativeTarget;
			buildConfigurationList = 8BE15FE02631F0D1001D1DA0 /* Build configuration list for PBXNativeTarget "Tawseel" */;
			buildPhases = (
				8BE15FC82631F0CD001D1DA0 /* Sources */,
				8BE15FC92631F0CD001D1DA0 /* Frameworks */,
				8BE15FCA2631F0CD001D1DA0 /* Resources */,
			);
			buildRules = (
			);
			dependencies = (
			);
			name = Tawseel;
			productName = Tawseel;
			productReference = 8BE15FCC2631F0CD001D1DA0 /* Tawseel.app */;
			productType = "com.apple.product-type.application";
		};
/* End PBXNativeTarget section */

/* Begin PBXProject section */
		8BE15FC42631F0CD001D1DA0 /* Project object */ = {
			isa = PBXProject;
			attributes = {
				LastSwiftUpdateCheck = 1240;
				LastUpgradeCheck = 1240;
				TargetAttributes = {
					8BE15FCB2631F0CD001D1DA0 = {
						CreatedOnToolsVersion = 12.4;
					};
				};
			};
			buildConfigurationList = 8BE15FC72631F0CD001D1DA0 /* Build configuration list for PBXProject "Tawseel" */;
			compatibilityVersion = "Xcode 9.3";
			developmentRegion = en;
			hasScannedForEncodings = 0;
			knownRegions = (
				en,
				Base,
			);
			mainGroup = 8BE15FC32631F0CD001D1DA0;
			productRefGroup = 8BE15FCD2631F0CD001D1DA0 /* Products */;
			projectDirPath = "";
			projectRoot = "";
			targets = (
				8BE15FCB2631F0CD001D1DA0 /* Tawseel */,
			);
		};
/* End PBXProject section */

/* Begin PBXResourcesBuildPhase section */
		8BE15FCA2631F0CD001D1DA0 /* Resources */ = {
			isa = PBXResourcesBuildPhase;
			buildActionMask = 2147483647;
			files = (
				8BE15FDC2631F0D1001D1DA0 /* LaunchScreen.storyboard in Resources */,
				8BE15FF62631FAEB001D1DA0 /* stores.json in Resources */,
				8B03AF3726405949001AF518 /* items.json in Resources */,
				8BE15FD92631F0D1001D1DA0 /* Preview Assets.xcassets in Resources */,
				8BE15FD62631F0D1001D1DA0 /* Assets.xcassets in Resources */,
			);
			runOnlyForDeploymentPostprocessing = 0;
		};
/* End PBXResourcesBuildPhase section */

/* Begin PBXSourcesBuildPhase section */
		8BE15FC82631F0CD001D1DA0 /* Sources */ = {
			isa = PBXSourcesBuildPhase;
			buildActionMask = 2147483647;
			files = (
				8B03AF49264165F9001AF518 /* LogInCredentials.swift in Sources */,
				8BB5F3762642CBD400D2F604 /* CartView.swift in Sources */,
				8B03AF3E26405B6D001AF518 /* ItemCategoryRow.swift in Sources */,
				8B03AF34264057E2001AF518 /* ItemModelData.swift in Sources */,
				8B03AF2D26404E17001AF518 /* itemCard.swift in Sources */,
				8BE15FEA2631F15F001D1DA0 /* StoreDetails.swift in Sources */,
				8B1E516B263FEA1D0015C353 /* SignUpView.swift in Sources */,
				8B1E515C263FE2E10015C353 /* HomeView.swift in Sources */,
				8BE15FD02631F0CD001D1DA0 /* AppDelegate.swift in Sources */,
				8B03AF41264149CE001AF518 /* AppManager.swift in Sources */,
				8B1E5158263FE2670015C353 /* SettingsView.swift in Sources */,
				8BF20B3F26320B41007AC659 /* CategoryItem.swift in Sources */,
				8BF20B4B26320F75007AC659 /* FavoriteButton.swift in Sources */,
				8B1E517F264016EC0015C353 /* ContentView.swift in Sources */,
				8BE15FFF2631FF1C001D1DA0 /* TawseelView.swift in Sources */,
				8B03AF4626416551001AF518 /* LoginModel.swift in Sources */,
				8BE15FD22631F0CD001D1DA0 /* SceneDelegate.swift in Sources */,
				8BF20B3C26320A43007AC659 /* CategoryRow.swift in Sources */,
				8BB5F3742642CB0700D2F604 /* Cart.swift in Sources */,
				8B03AF4C2641667C001AF518 /* ImageLoader.swift in Sources */,
				8BE15FD42631F0CD001D1DA0 /* SignInView.swift in Sources */,
				8BF20B4826320F75007AC659 /* MapView.swift in Sources */,
				8B03AF3026404EF9001AF518 /* Item.swift in Sources */,
				8BE15FF22631F401001D1DA0 /* ModelData.swift in Sources */,
				8BF20B4926320F75007AC659 /* CircleImage.swift in Sources */,
				8B1E5172264006280015C353 /* SettingsCell.swift in Sources */,
				8BF20B4A26320F75007AC659 /* StoreView.swift in Sources */,
			);
			runOnlyForDeploymentPostprocessing = 0;
		};
/* End PBXSourcesBuildPhase section */

/* Begin PBXVariantGroup section */
		8BE15FDA2631F0D1001D1DA0 /* LaunchScreen.storyboard */ = {
			isa = PBXVariantGroup;
			children = (
				8BE15FDB2631F0D1001D1DA0 /* Base */,
			);
			name = LaunchScreen.storyboard;
			sourceTree = "<group>";
		};
/* End PBXVariantGroup section */

/* Begin XCBuildConfiguration section */
		8BE15FDE2631F0D1001D1DA0 /* Debug */ = {
			isa = XCBuildConfiguration;
			buildSettings = {
				ALWAYS_SEARCH_USER_PATHS = NO;
				CLANG_ANALYZER_NONNULL = YES;
				CLANG_ANALYZER_NUMBER_OBJECT_CONVERSION = YES_AGGRESSIVE;
				CLANG_CXX_LANGUAGE_STANDARD = "gnu++14";
				CLANG_CXX_LIBRARY = "libc++";
				CLANG_ENABLE_MODULES = YES;
				CLANG_ENABLE_OBJC_ARC = YES;
				CLANG_ENABLE_OBJC_WEAK = YES;
				CLANG_WARN_BLOCK_CAPTURE_AUTORELEASING = YES;
				CLANG_WARN_BOOL_CONVERSION = YES;
				CLANG_WARN_COMMA = YES;
				CLANG_WARN_CONSTANT_CONVERSION = YES;
				CLANG_WARN_DEPRECATED_OBJC_IMPLEMENTATIONS = YES;
				CLANG_WARN_DIRECT_OBJC_ISA_USAGE = YES_ERROR;
				CLANG_WARN_DOCUMENTATION_COMMENTS = YES;
				CLANG_WARN_EMPTY_BODY = YES;
				CLANG_WARN_ENUM_CONVERSION = YES;
				CLANG_WARN_INFINITE_RECURSION = YES;
				CLANG_WARN_INT_CONVERSION = YES;
				CLANG_WARN_NON_LITERAL_NULL_CONVERSION = YES;
				CLANG_WARN_OBJC_IMPLICIT_RETAIN_SELF = YES;
				CLANG_WARN_OBJC_LITERAL_CONVERSION = YES;
				CLANG_WARN_OBJC_ROOT_CLASS = YES_ERROR;
				CLANG_WARN_QUOTED_INCLUDE_IN_FRAMEWORK_HEADER = YES;
				CLANG_WARN_RANGE_LOOP_ANALYSIS = YES;
				CLANG_WARN_STRICT_PROTOTYPES = YES;
				CLANG_WARN_SUSPICIOUS_MOVE = YES;
				CLANG_WARN_UNGUARDED_AVAILABILITY = YES_AGGRESSIVE;
				CLANG_WARN_UNREACHABLE_CODE = YES;
				CLANG_WARN__DUPLICATE_METHOD_MATCH = YES;
				COPY_PHASE_STRIP = NO;
				DEBUG_INFORMATION_FORMAT = dwarf;
				ENABLE_STRICT_OBJC_MSGSEND = YES;
				ENABLE_TESTABILITY = YES;
				GCC_C_LANGUAGE_STANDARD = gnu11;
				GCC_DYNAMIC_NO_PIC = NO;
				GCC_NO_COMMON_BLOCKS = YES;
				GCC_OPTIMIZATION_LEVEL = 0;
				GCC_PREPROCESSOR_DEFINITIONS = (
					"DEBUG=1",
					"$(inherited)",
				);
				GCC_WARN_64_TO_32_BIT_CONVERSION = YES;
				GCC_WARN_ABOUT_RETURN_TYPE = YES_ERROR;
				GCC_WARN_UNDECLARED_SELECTOR = YES;
				GCC_WARN_UNINITIALIZED_AUTOS = YES_AGGRESSIVE;
				GCC_WARN_UNUSED_FUNCTION = YES;
				GCC_WARN_UNUSED_VARIABLE = YES;
				IPHONEOS_DEPLOYMENT_TARGET = 14.4;
				MTL_ENABLE_DEBUG_INFO = INCLUDE_SOURCE;
				MTL_FAST_MATH = YES;
				ONLY_ACTIVE_ARCH = YES;
				SDKROOT = iphoneos;
				SWIFT_ACTIVE_COMPILATION_CONDITIONS = DEBUG;
				SWIFT_OPTIMIZATION_LEVEL = "-Onone";
			};
			name = Debug;
		};
		8BE15FDF2631F0D1001D1DA0 /* Release */ = {
			isa = XCBuildConfiguration;
			buildSettings = {
				ALWAYS_SEARCH_USER_PATHS = NO;
				CLANG_ANALYZER_NONNULL = YES;
				CLANG_ANALYZER_NUMBER_OBJECT_CONVERSION = YES_AGGRESSIVE;
				CLANG_CXX_LANGUAGE_STANDARD = "gnu++14";
				CLANG_CXX_LIBRARY = "libc++";
				CLANG_ENABLE_MODULES = YES;
				CLANG_ENABLE_OBJC_ARC = YES;
				CLANG_ENABLE_OBJC_WEAK = YES;
				CLANG_WARN_BLOCK_CAPTURE_AUTORELEASING = YES;
				CLANG_WARN_BOOL_CONVERSION = YES;
				CLANG_WARN_COMMA = YES;
				CLANG_WARN_CONSTANT_CONVERSION = YES;
				CLANG_WARN_DEPRECATED_OBJC_IMPLEMENTATIONS = YES;
				CLANG_WARN_DIRECT_OBJC_ISA_USAGE = YES_ERROR;
				CLANG_WARN_DOCUMENTATION_COMMENTS = YES;
				CLANG_WARN_EMPTY_BODY = YES;
				CLANG_WARN_ENUM_CONVERSION = YES;
				CLANG_WARN_INFINITE_RECURSION = YES;
				CLANG_WARN_INT_CONVERSION = YES;
				CLANG_WARN_NON_LITERAL_NULL_CONVERSION = YES;
				CLANG_WARN_OBJC_IMPLICIT_RETAIN_SELF = YES;
				CLANG_WARN_OBJC_LITERAL_CONVERSION = YES;
				CLANG_WARN_OBJC_ROOT_CLASS = YES_ERROR;
				CLANG_WARN_QUOTED_INCLUDE_IN_FRAMEWORK_HEADER = YES;
				CLANG_WARN_RANGE_LOOP_ANALYSIS = YES;
				CLANG_WARN_STRICT_PROTOTYPES = YES;
				CLANG_WARN_SUSPICIOUS_MOVE = YES;
				CLANG_WARN_UNGUARDED_AVAILABILITY = YES_AGGRESSIVE;
				CLANG_WARN_UNREACHABLE_CODE = YES;
				CLANG_WARN__DUPLICATE_METHOD_MATCH = YES;
				COPY_PHASE_STRIP = NO;
				DEBUG_INFORMATION_FORMAT = "dwarf-with-dsym";
				ENABLE_NS_ASSERTIONS = NO;
				ENABLE_STRICT_OBJC_MSGSEND = YES;
				GCC_C_LANGUAGE_STANDARD = gnu11;
				GCC_NO_COMMON_BLOCKS = YES;
				GCC_WARN_64_TO_32_BIT_CONVERSION = YES;
				GCC_WARN_ABOUT_RETURN_TYPE = YES_ERROR;
				GCC_WARN_UNDECLARED_SELECTOR = YES;
				GCC_WARN_UNINITIALIZED_AUTOS = YES_AGGRESSIVE;
				GCC_WARN_UNUSED_FUNCTION = YES;
				GCC_WARN_UNUSED_VARIABLE = YES;
				IPHONEOS_DEPLOYMENT_TARGET = 14.4;
				MTL_ENABLE_DEBUG_INFO = NO;
				MTL_FAST_MATH = YES;
				SDKROOT = iphoneos;
				SWIFT_COMPILATION_MODE = wholemodule;
				SWIFT_OPTIMIZATION_LEVEL = "-O";
				VALIDATE_PRODUCT = YES;
			};
			name = Release;
		};
		8BE15FE12631F0D1001D1DA0 /* Debug */ = {
			isa = XCBuildConfiguration;
			buildSettings = {
				ASSETCATALOG_COMPILER_APPICON_NAME = AppIcon;
				ASSETCATALOG_COMPILER_GLOBAL_ACCENT_COLOR_NAME = AccentColor;
				CODE_SIGN_STYLE = Automatic;
				DEVELOPMENT_ASSET_PATHS = "\"Tawseel/Preview Content\"";
				DEVELOPMENT_TEAM = T8E38EMWG6;
				ENABLE_PREVIEWS = YES;
				INFOPLIST_FILE = Tawseel/Info.plist;
				LD_RUNPATH_SEARCH_PATHS = (
					"$(inherited)",
					"@executable_path/Frameworks",
				);
				PRODUCT_BUNDLE_IDENTIFIER = tawseel.Tawseel;
				PRODUCT_NAME = "$(TARGET_NAME)";
				SWIFT_VERSION = 5.0;
				TARGETED_DEVICE_FAMILY = "1,2";
			};
			name = Debug;
		};
		8BE15FE22631F0D1001D1DA0 /* Release */ = {
			isa = XCBuildConfiguration;
			buildSettings = {
				ASSETCATALOG_COMPILER_APPICON_NAME = AppIcon;
				ASSETCATALOG_COMPILER_GLOBAL_ACCENT_COLOR_NAME = AccentColor;
				CODE_SIGN_STYLE = Automatic;
				DEVELOPMENT_ASSET_PATHS = "\"Tawseel/Preview Content\"";
				DEVELOPMENT_TEAM = T8E38EMWG6;
				ENABLE_PREVIEWS = YES;
				INFOPLIST_FILE = Tawseel/Info.plist;
				LD_RUNPATH_SEARCH_PATHS = (
					"$(inherited)",
					"@executable_path/Frameworks",
				);
				PRODUCT_BUNDLE_IDENTIFIER = tawseel.Tawseel;
				PRODUCT_NAME = "$(TARGET_NAME)";
				SWIFT_VERSION = 5.0;
				TARGETED_DEVICE_FAMILY = "1,2";
			};
			name = Release;
		};
/* End XCBuildConfiguration section */

/* Begin XCConfigurationList section */
		8BE15FC72631F0CD001D1DA0 /* Build configuration list for PBXProject "Tawseel" */ = {
			isa = XCConfigurationList;
			buildConfigurations = (
				8BE15FDE2631F0D1001D1DA0 /* Debug */,
				8BE15FDF2631F0D1001D1DA0 /* Release */,
			);
			defaultConfigurationIsVisible = 0;
			defaultConfigurationName = Release;
		};
		8BE15FE02631F0D1001D1DA0 /* Build configuration list for PBXNativeTarget "Tawseel" */ = {
			isa = XCConfigurationList;
			buildConfigurations = (
				8BE15FE12631F0D1001D1DA0 /* Debug */,
				8BE15FE22631F0D1001D1DA0 /* Release */,
			);
			defaultConfigurationIsVisible = 0;
			defaultConfigurationName = Release;
		};
/* End XCConfigurationList section */
	};
	rootObject = 8BE15FC42631F0CD001D1DA0 /* Project object */;
}
